// !$*UTF8*$!
{
	archiveVersion = 1;
	classes = {
	};
	objectVersion = 46;
	objects = {

/* Begin PBXBuildFile section */
		AA142FF51BCF71B000A19144 /* main.m in Sources */ = {isa = PBXBuildFile; fileRef = AA142FF41BCF71B000A19144 /* main.m */; };
		AA142FF81BCF71B000A19144 /* AppDelegate.m in Sources */ = {isa = PBXBuildFile; fileRef = AA142FF71BCF71B000A19144 /* AppDelegate.m */; };
		AA1430001BCF71B000A19144 /* Assets.xcassets in Resources */ = {isa = PBXBuildFile; fileRef = AA142FFF1BCF71B000A19144 /* Assets.xcassets */; };
		AA14300E1BCF71B000A19144 /* RevoltTests.m in Sources */ = {isa = PBXBuildFile; fileRef = AA14300D1BCF71B000A19144 /* RevoltTests.m */; };
		AA1430191BCF71B000A19144 /* RevoltUITests.m in Sources */ = {isa = PBXBuildFile; fileRef = AA1430181BCF71B000A19144 /* RevoltUITests.m */; };
		AA1430291BCF74FD00A19144 /* ViewController.m in Sources */ = {isa = PBXBuildFile; fileRef = AA1430271BCF74FD00A19144 /* ViewController.m */; settings = {ASSET_TAGS = (); }; };
		AA14302A1BCF74FD00A19144 /* ViewController.xib in Resources */ = {isa = PBXBuildFile; fileRef = AA1430281BCF74FD00A19144 /* ViewController.xib */; settings = {ASSET_TAGS = (); }; };
		AA14302C1BCF75C800A19144 /* revoltsymbol.png in Resources */ = {isa = PBXBuildFile; fileRef = AA14302B1BCF75C800A19144 /* revoltsymbol.png */; settings = {ASSET_TAGS = (); }; };
		AA14302F1BCF783C00A19144 /* AVFoundation.framework in Frameworks */ = {isa = PBXBuildFile; fileRef = AA14302E1BCF783C00A19144 /* AVFoundation.framework */; };
		AA1430311BCF784B00A19144 /* MediaPlayer.framework in Frameworks */ = {isa = PBXBuildFile; fileRef = AA1430301BCF784B00A19144 /* MediaPlayer.framework */; };
		AA1430341BCF791800A19144 /* smoke.mov in Resources */ = {isa = PBXBuildFile; fileRef = AA1430331BCF791800A19144 /* smoke.mov */; settings = {ASSET_TAGS = (); }; };
		AA5C26A91BCF9020001EB60E /* bulb.mov in Resources */ = {isa = PBXBuildFile; fileRef = AA5C26A81BCF9020001EB60E /* bulb.mov */; settings = {ASSET_TAGS = (); }; };
		AA5C26AD1BCF9DF6001EB60E /* MainInterface.m in Sources */ = {isa = PBXBuildFile; fileRef = AA5C26AB1BCF9DF6001EB60E /* MainInterface.m */; settings = {ASSET_TAGS = (); }; };
		AA5C26AE1BCF9DF6001EB60E /* MainInterface.xib in Resources */ = {isa = PBXBuildFile; fileRef = AA5C26AC1BCF9DF6001EB60E /* MainInterface.xib */; settings = {ASSET_TAGS = (); }; };
		AA5C26AF1BCFA123001EB60E /* basictitlefont.ttf in Resources */ = {isa = PBXBuildFile; fileRef = AA14302D1BCF762300A19144 /* basictitlefont.ttf */; };
		AA70E3721BD224CC00D53E31 /* Bolts.framework in Frameworks */ = {isa = PBXBuildFile; fileRef = AA70E36B1BD224CB00D53E31 /* Bolts.framework */; settings = {ASSET_TAGS = (); }; };
		AA70E3731BD224CC00D53E31 /* Parse.framework in Frameworks */ = {isa = PBXBuildFile; fileRef = AA70E36C1BD224CB00D53E31 /* Parse.framework */; settings = {ASSET_TAGS = (); }; };
		AA70E3741BD224CC00D53E31 /* ParseCrashReporting.framework in Frameworks */ = {isa = PBXBuildFile; fileRef = AA70E36D1BD224CB00D53E31 /* ParseCrashReporting.framework */; settings = {ASSET_TAGS = (); }; };
		AA70E3751BD224CC00D53E31 /* ParseFacebookUtils.framework in Frameworks */ = {isa = PBXBuildFile; fileRef = AA70E36E1BD224CB00D53E31 /* ParseFacebookUtils.framework */; settings = {ASSET_TAGS = (); }; };
		AA70E3761BD224CC00D53E31 /* ParseFacebookUtilsV4.framework in Frameworks */ = {isa = PBXBuildFile; fileRef = AA70E36F1BD224CB00D53E31 /* ParseFacebookUtilsV4.framework */; settings = {ASSET_TAGS = (); }; };
		AA70E3771BD224CC00D53E31 /* ParseTwitterUtils.framework in Frameworks */ = {isa = PBXBuildFile; fileRef = AA70E3701BD224CC00D53E31 /* ParseTwitterUtils.framework */; settings = {ASSET_TAGS = (); }; };
		AA70E3781BD224CC00D53E31 /* ParseUI.framework in Frameworks */ = {isa = PBXBuildFile; fileRef = AA70E3711BD224CC00D53E31 /* ParseUI.framework */; settings = {ASSET_TAGS = (); }; };
		AA70E39F1BD23A6700D53E31 /* QuartzCore.framework in Frameworks */ = {isa = PBXBuildFile; fileRef = AA70E39E1BD23A6700D53E31 /* QuartzCore.framework */; };
		AA70E3A11BD23A8A00D53E31 /* Accounts.framework in Frameworks */ = {isa = PBXBuildFile; fileRef = AA70E3A01BD23A8A00D53E31 /* Accounts.framework */; };
		AA70E3A31BD23A9200D53E31 /* AdSupport.framework in Frameworks */ = {isa = PBXBuildFile; fileRef = AA70E3A21BD23A9200D53E31 /* AdSupport.framework */; };
		AA70E3A51BD23A9B00D53E31 /* Social.framework in Frameworks */ = {isa = PBXBuildFile; fileRef = AA70E3A41BD23A9B00D53E31 /* Social.framework */; };
		AA70E3A71BD23AA400D53E31 /* CoreLocation.framework in Frameworks */ = {isa = PBXBuildFile; fileRef = AA70E3A61BD23AA400D53E31 /* CoreLocation.framework */; };
		AA70E3A91BD23AAD00D53E31 /* StoreKit.framework in Frameworks */ = {isa = PBXBuildFile; fileRef = AA70E3A81BD23AAD00D53E31 /* StoreKit.framework */; };
		AA70E3AB1BD23AB500D53E31 /* AudioToolbox.framework in Frameworks */ = {isa = PBXBuildFile; fileRef = AA70E3AA1BD23AB500D53E31 /* AudioToolbox.framework */; };
		AA70E3AD1BD23AC300D53E31 /* CFNetwork.framework in Frameworks */ = {isa = PBXBuildFile; fileRef = AA70E3AC1BD23AC300D53E31 /* CFNetwork.framework */; };
		AA70E3AF1BD23ACE00D53E31 /* CoreGraphics.framework in Frameworks */ = {isa = PBXBuildFile; fileRef = AA70E3AE1BD23ACE00D53E31 /* CoreGraphics.framework */; };
		AA70E3B11BD23ADA00D53E31 /* Foundation.framework in Frameworks */ = {isa = PBXBuildFile; fileRef = AA70E3B01BD23ADA00D53E31 /* Foundation.framework */; };
		AA70E3B31BD23AE300D53E31 /* MobileCoreServices.framework in Frameworks */ = {isa = PBXBuildFile; fileRef = AA70E3B21BD23AE300D53E31 /* MobileCoreServices.framework */; };
		AA70E3B51BD23AEB00D53E31 /* Security.framework in Frameworks */ = {isa = PBXBuildFile; fileRef = AA70E3B41BD23AEB00D53E31 /* Security.framework */; };
		AA70E3B71BD23AF700D53E31 /* SystemConfiguration.framework in Frameworks */ = {isa = PBXBuildFile; fileRef = AA70E3B61BD23AF700D53E31 /* SystemConfiguration.framework */; };
		AA70E3B91BD23B0300D53E31 /* UIKit.framework in Frameworks */ = {isa = PBXBuildFile; fileRef = AA70E3B81BD23B0300D53E31 /* UIKit.framework */; };
		AA70E3C21BD240E200D53E31 /* FacebookSDK.framework in Frameworks */ = {isa = PBXBuildFile; fileRef = AA70E3C11BD240E200D53E31 /* FacebookSDK.framework */; settings = {ASSET_TAGS = (); }; };
		AA70E3D61BD24D0A00D53E31 /* libsqlite3.0.tbd in Frameworks */ = {isa = PBXBuildFile; fileRef = AA70E3D51BD24D0A00D53E31 /* libsqlite3.0.tbd */; };
		AACCEA041BCF8EB4003348B2 /* SignUp.m in Sources */ = {isa = PBXBuildFile; fileRef = AACCEA021BCF8EB4003348B2 /* SignUp.m */; settings = {ASSET_TAGS = (); }; };
		AACCEA051BCF8EB4003348B2 /* SignUp.xib in Resources */ = {isa = PBXBuildFile; fileRef = AACCEA031BCF8EB4003348B2 /* SignUp.xib */; settings = {ASSET_TAGS = (); }; };
/* End PBXBuildFile section */

/* Begin PBXContainerItemProxy section */
		AA14300A1BCF71B000A19144 /* PBXContainerItemProxy */ = {
			isa = PBXContainerItemProxy;
			containerPortal = AA142FE81BCF71B000A19144 /* Project object */;
			proxyType = 1;
			remoteGlobalIDString = AA142FEF1BCF71B000A19144;
			remoteInfo = Revolt;
		};
		AA1430151BCF71B000A19144 /* PBXContainerItemProxy */ = {
			isa = PBXContainerItemProxy;
			containerPortal = AA142FE81BCF71B000A19144 /* Project object */;
			proxyType = 1;
			remoteGlobalIDString = AA142FEF1BCF71B000A19144;
			remoteInfo = Revolt;
		};
/* End PBXContainerItemProxy section */

/* Begin PBXFileReference section */
		AA142FF01BCF71B000A19144 /* Revolt.app */ = {isa = PBXFileReference; explicitFileType = wrapper.application; includeInIndex = 0; path = Revolt.app; sourceTree = BUILT_PRODUCTS_DIR; };
		AA142FF41BCF71B000A19144 /* main.m */ = {isa = PBXFileReference; lastKnownFileType = sourcecode.c.objc; path = main.m; sourceTree = "<group>"; };
		AA142FF61BCF71B000A19144 /* AppDelegate.h */ = {isa = PBXFileReference; lastKnownFileType = sourcecode.c.h; path = AppDelegate.h; sourceTree = "<group>"; };
		AA142FF71BCF71B000A19144 /* AppDelegate.m */ = {isa = PBXFileReference; lastKnownFileType = sourcecode.c.objc; path = AppDelegate.m; sourceTree = "<group>"; };
		AA142FFF1BCF71B000A19144 /* Assets.xcassets */ = {isa = PBXFileReference; lastKnownFileType = folder.assetcatalog; path = Assets.xcassets; sourceTree = "<group>"; };
		AA1430041BCF71B000A19144 /* Info.plist */ = {isa = PBXFileReference; lastKnownFileType = text.plist.xml; path = Info.plist; sourceTree = "<group>"; };
		AA1430091BCF71B000A19144 /* RevoltTests.xctest */ = {isa = PBXFileReference; explicitFileType = wrapper.cfbundle; includeInIndex = 0; path = RevoltTests.xctest; sourceTree = BUILT_PRODUCTS_DIR; };
		AA14300D1BCF71B000A19144 /* RevoltTests.m */ = {isa = PBXFileReference; lastKnownFileType = sourcecode.c.objc; path = RevoltTests.m; sourceTree = "<group>"; };
		AA14300F1BCF71B000A19144 /* Info.plist */ = {isa = PBXFileReference; lastKnownFileType = text.plist.xml; path = Info.plist; sourceTree = "<group>"; };
		AA1430141BCF71B000A19144 /* RevoltUITests.xctest */ = {isa = PBXFileReference; explicitFileType = wrapper.cfbundle; includeInIndex = 0; path = RevoltUITests.xctest; sourceTree = BUILT_PRODUCTS_DIR; };
		AA1430181BCF71B000A19144 /* RevoltUITests.m */ = {isa = PBXFileReference; lastKnownFileType = sourcecode.c.objc; path = RevoltUITests.m; sourceTree = "<group>"; };
		AA14301A1BCF71B000A19144 /* Info.plist */ = {isa = PBXFileReference; lastKnownFileType = text.plist.xml; path = Info.plist; sourceTree = "<group>"; };
		AA1430261BCF74FD00A19144 /* ViewController.h */ = {isa = PBXFileReference; fileEncoding = 4; lastKnownFileType = sourcecode.c.h; path = ViewController.h; sourceTree = "<group>"; };
		AA1430271BCF74FD00A19144 /* ViewController.m */ = {isa = PBXFileReference; fileEncoding = 4; lastKnownFileType = sourcecode.c.objc; path = ViewController.m; sourceTree = "<group>"; };
		AA1430281BCF74FD00A19144 /* ViewController.xib */ = {isa = PBXFileReference; fileEncoding = 4; lastKnownFileType = file.xib; path = ViewController.xib; sourceTree = "<group>"; };
		AA14302B1BCF75C800A19144 /* revoltsymbol.png */ = {isa = PBXFileReference; lastKnownFileType = image.png; name = revoltsymbol.png; path = ../../revoltsymbol.png; sourceTree = "<group>"; };
		AA14302D1BCF762300A19144 /* basictitlefont.ttf */ = {isa = PBXFileReference; lastKnownFileType = file; name = basictitlefont.ttf; path = ../../../Downloads/basictitlefont.ttf; sourceTree = "<group>"; };
		AA14302E1BCF783C00A19144 /* AVFoundation.framework */ = {isa = PBXFileReference; lastKnownFileType = wrapper.framework; name = AVFoundation.framework; path = System/Library/Frameworks/AVFoundation.framework; sourceTree = SDKROOT; };
		AA1430301BCF784B00A19144 /* MediaPlayer.framework */ = {isa = PBXFileReference; lastKnownFileType = wrapper.framework; name = MediaPlayer.framework; path = System/Library/Frameworks/MediaPlayer.framework; sourceTree = SDKROOT; };
		AA1430331BCF791800A19144 /* smoke.mov */ = {isa = PBXFileReference; lastKnownFileType = video.quicktime; name = smoke.mov; path = "../../Stuff Downloaded for Revolt App/smoke.mov"; sourceTree = "<group>"; };
		AA5C26A81BCF9020001EB60E /* bulb.mov */ = {isa = PBXFileReference; lastKnownFileType = video.quicktime; name = bulb.mov; path = ../../../Downloads/bulb.mov; sourceTree = "<group>"; };
		AA5C26AA1BCF9DF6001EB60E /* MainInterface.h */ = {isa = PBXFileReference; fileEncoding = 4; lastKnownFileType = sourcecode.c.h; path = MainInterface.h; sourceTree = "<group>"; };
		AA5C26AB1BCF9DF6001EB60E /* MainInterface.m */ = {isa = PBXFileReference; fileEncoding = 4; lastKnownFileType = sourcecode.c.objc; path = MainInterface.m; sourceTree = "<group>"; };
		AA5C26AC1BCF9DF6001EB60E /* MainInterface.xib */ = {isa = PBXFileReference; fileEncoding = 4; lastKnownFileType = file.xib; path = MainInterface.xib; sourceTree = "<group>"; };
		AA70E36B1BD224CB00D53E31 /* Bolts.framework */ = {isa = PBXFileReference; lastKnownFileType = wrapper.framework; path = Bolts.framework; sourceTree = "<group>"; };
		AA70E36C1BD224CB00D53E31 /* Parse.framework */ = {isa = PBXFileReference; lastKnownFileType = wrapper.framework; path = Parse.framework; sourceTree = "<group>"; };
		AA70E36D1BD224CB00D53E31 /* ParseCrashReporting.framework */ = {isa = PBXFileReference; lastKnownFileType = wrapper.framework; path = ParseCrashReporting.framework; sourceTree = "<group>"; };
		AA70E36E1BD224CB00D53E31 /* ParseFacebookUtils.framework */ = {isa = PBXFileReference; lastKnownFileType = wrapper.framework; path = ParseFacebookUtils.framework; sourceTree = "<group>"; };
		AA70E36F1BD224CB00D53E31 /* ParseFacebookUtilsV4.framework */ = {isa = PBXFileReference; lastKnownFileType = wrapper.framework; path = ParseFacebookUtilsV4.framework; sourceTree = "<group>"; };
		AA70E3701BD224CC00D53E31 /* ParseTwitterUtils.framework */ = {isa = PBXFileReference; lastKnownFileType = wrapper.framework; path = ParseTwitterUtils.framework; sourceTree = "<group>"; };
		AA70E3711BD224CC00D53E31 /* ParseUI.framework */ = {isa = PBXFileReference; lastKnownFileType = wrapper.framework; path = ParseUI.framework; sourceTree = "<group>"; };
		AA70E39E1BD23A6700D53E31 /* QuartzCore.framework */ = {isa = PBXFileReference; lastKnownFileType = wrapper.framework; name = QuartzCore.framework; path = System/Library/Frameworks/QuartzCore.framework; sourceTree = SDKROOT; };
		AA70E3A01BD23A8A00D53E31 /* Accounts.framework */ = {isa = PBXFileReference; lastKnownFileType = wrapper.framework; name = Accounts.framework; path = System/Library/Frameworks/Accounts.framework; sourceTree = SDKROOT; };
		AA70E3A21BD23A9200D53E31 /* AdSupport.framework */ = {isa = PBXFileReference; lastKnownFileType = wrapper.framework; name = AdSupport.framework; path = System/Library/Frameworks/AdSupport.framework; sourceTree = SDKROOT; };
		AA70E3A41BD23A9B00D53E31 /* Social.framework */ = {isa = PBXFileReference; lastKnownFileType = wrapper.framework; name = Social.framework; path = System/Library/Frameworks/Social.framework; sourceTree = SDKROOT; };
		AA70E3A61BD23AA400D53E31 /* CoreLocation.framework */ = {isa = PBXFileReference; lastKnownFileType = wrapper.framework; name = CoreLocation.framework; path = System/Library/Frameworks/CoreLocation.framework; sourceTree = SDKROOT; };
		AA70E3A81BD23AAD00D53E31 /* StoreKit.framework */ = {isa = PBXFileReference; lastKnownFileType = wrapper.framework; name = StoreKit.framework; path = System/Library/Frameworks/StoreKit.framework; sourceTree = SDKROOT; };
		AA70E3AA1BD23AB500D53E31 /* AudioToolbox.framework */ = {isa = PBXFileReference; lastKnownFileType = wrapper.framework; name = AudioToolbox.framework; path = System/Library/Frameworks/AudioToolbox.framework; sourceTree = SDKROOT; };
		AA70E3AC1BD23AC300D53E31 /* CFNetwork.framework */ = {isa = PBXFileReference; lastKnownFileType = wrapper.framework; name = CFNetwork.framework; path = System/Library/Frameworks/CFNetwork.framework; sourceTree = SDKROOT; };
		AA70E3AE1BD23ACE00D53E31 /* CoreGraphics.framework */ = {isa = PBXFileReference; lastKnownFileType = wrapper.framework; name = CoreGraphics.framework; path = System/Library/Frameworks/CoreGraphics.framework; sourceTree = SDKROOT; };
		AA70E3B01BD23ADA00D53E31 /* Foundation.framework */ = {isa = PBXFileReference; lastKnownFileType = wrapper.framework; name = Foundation.framework; path = System/Library/Frameworks/Foundation.framework; sourceTree = SDKROOT; };
		AA70E3B21BD23AE300D53E31 /* MobileCoreServices.framework */ = {isa = PBXFileReference; lastKnownFileType = wrapper.framework; name = MobileCoreServices.framework; path = System/Library/Frameworks/MobileCoreServices.framework; sourceTree = SDKROOT; };
		AA70E3B41BD23AEB00D53E31 /* Security.framework */ = {isa = PBXFileReference; lastKnownFileType = wrapper.framework; name = Security.framework; path = System/Library/Frameworks/Security.framework; sourceTree = SDKROOT; };
		AA70E3B61BD23AF700D53E31 /* SystemConfiguration.framework */ = {isa = PBXFileReference; lastKnownFileType = wrapper.framework; name = SystemConfiguration.framework; path = System/Library/Frameworks/SystemConfiguration.framework; sourceTree = SDKROOT; };
		AA70E3B81BD23B0300D53E31 /* UIKit.framework */ = {isa = PBXFileReference; lastKnownFileType = wrapper.framework; name = UIKit.framework; path = System/Library/Frameworks/UIKit.framework; sourceTree = SDKROOT; };
		AA70E3C11BD240E200D53E31 /* FacebookSDK.framework */ = {isa = PBXFileReference; lastKnownFileType = wrapper.framework; path = FacebookSDK.framework; sourceTree = "<group>"; };
		AA70E3D51BD24D0A00D53E31 /* libsqlite3.0.tbd */ = {isa = PBXFileReference; lastKnownFileType = "sourcecode.text-based-dylib-definition"; name = libsqlite3.0.tbd; path = usr/lib/libsqlite3.0.tbd; sourceTree = SDKROOT; };
		AACCEA011BCF8EB4003348B2 /* SignUp.h */ = {isa = PBXFileReference; fileEncoding = 4; lastKnownFileType = sourcecode.c.h; path = SignUp.h; sourceTree = "<group>"; };
		AACCEA021BCF8EB4003348B2 /* SignUp.m */ = {isa = PBXFileReference; fileEncoding = 4; lastKnownFileType = sourcecode.c.objc; path = SignUp.m; sourceTree = "<group>"; };
		AACCEA031BCF8EB4003348B2 /* SignUp.xib */ = {isa = PBXFileReference; fileEncoding = 4; lastKnownFileType = file.xib; path = SignUp.xib; sourceTree = "<group>"; };
/* End PBXFileReference section */

/* Begin PBXFrameworksBuildPhase section */
		AA142FED1BCF71B000A19144 /* Frameworks */ = {
			isa = PBXFrameworksBuildPhase;
			buildActionMask = 2147483647;
			files = (
				AA70E3D61BD24D0A00D53E31 /* libsqlite3.0.tbd in Frameworks */,
				AA70E3B91BD23B0300D53E31 /* UIKit.framework in Frameworks */,
				AA70E3B71BD23AF700D53E31 /* SystemConfiguration.framework in Frameworks */,
				AA70E3B51BD23AEB00D53E31 /* Security.framework in Frameworks */,
				AA70E3B31BD23AE300D53E31 /* MobileCoreServices.framework in Frameworks */,
				AA70E3B11BD23ADA00D53E31 /* Foundation.framework in Frameworks */,
				AA70E3C21BD240E200D53E31 /* FacebookSDK.framework in Frameworks */,
				AA70E3AF1BD23ACE00D53E31 /* CoreGraphics.framework in Frameworks */,
				AA70E3AD1BD23AC300D53E31 /* CFNetwork.framework in Frameworks */,
				AA70E3AB1BD23AB500D53E31 /* AudioToolbox.framework in Frameworks */,
				AA70E3A91BD23AAD00D53E31 /* StoreKit.framework in Frameworks */,
				AA70E3A71BD23AA400D53E31 /* CoreLocation.framework in Frameworks */,
				AA70E3A51BD23A9B00D53E31 /* Social.framework in Frameworks */,
				AA70E3A31BD23A9200D53E31 /* AdSupport.framework in Frameworks */,
				AA70E3A11BD23A8A00D53E31 /* Accounts.framework in Frameworks */,
				AA70E39F1BD23A6700D53E31 /* QuartzCore.framework in Frameworks */,
				AA70E3781BD224CC00D53E31 /* ParseUI.framework in Frameworks */,
				AA70E3721BD224CC00D53E31 /* Bolts.framework in Frameworks */,
				AA70E3741BD224CC00D53E31 /* ParseCrashReporting.framework in Frameworks */,
				AA70E3761BD224CC00D53E31 /* ParseFacebookUtilsV4.framework in Frameworks */,
				AA70E3751BD224CC00D53E31 /* ParseFacebookUtils.framework in Frameworks */,
				AA1430311BCF784B00A19144 /* MediaPlayer.framework in Frameworks */,
				AA70E3731BD224CC00D53E31 /* Parse.framework in Frameworks */,
				AA70E3771BD224CC00D53E31 /* ParseTwitterUtils.framework in Frameworks */,
				AA14302F1BCF783C00A19144 /* AVFoundation.framework in Frameworks */,
			);
			runOnlyForDeploymentPostprocessing = 0;
		};
		AA1430061BCF71B000A19144 /* Frameworks */ = {
			isa = PBXFrameworksBuildPhase;
			buildActionMask = 2147483647;
			files = (
			);
			runOnlyForDeploymentPostprocessing = 0;
		};
		AA1430111BCF71B000A19144 /* Frameworks */ = {
			isa = PBXFrameworksBuildPhase;
			buildActionMask = 2147483647;
			files = (
			);
			runOnlyForDeploymentPostprocessing = 0;
		};
/* End PBXFrameworksBuildPhase section */

/* Begin PBXGroup section */
		AA142FE71BCF71B000A19144 = {
			isa = PBXGroup;
			children = (
				AA1430321BCF785900A19144 /* Frameworks */,
				AA142FF21BCF71B000A19144 /* Revolt */,
				AA14300C1BCF71B000A19144 /* RevoltTests */,
				AA1430171BCF71B000A19144 /* RevoltUITests */,
				AA142FF11BCF71B000A19144 /* Products */,
			);
			sourceTree = "<group>";
		};
		AA142FF11BCF71B000A19144 /* Products */ = {
			isa = PBXGroup;
			children = (
				AA142FF01BCF71B000A19144 /* Revolt.app */,
				AA1430091BCF71B000A19144 /* RevoltTests.xctest */,
				AA1430141BCF71B000A19144 /* RevoltUITests.xctest */,
			);
			name = Products;
			sourceTree = "<group>";
		};
		AA142FF21BCF71B000A19144 /* Revolt */ = {
			isa = PBXGroup;
			children = (
				AA142FF61BCF71B000A19144 /* AppDelegate.h */,
				AA142FF71BCF71B000A19144 /* AppDelegate.m */,
				AA1430261BCF74FD00A19144 /* ViewController.h */,
				AA1430271BCF74FD00A19144 /* ViewController.m */,
				AA1430281BCF74FD00A19144 /* ViewController.xib */,
				AACCEA011BCF8EB4003348B2 /* SignUp.h */,
				AACCEA021BCF8EB4003348B2 /* SignUp.m */,
				AACCEA031BCF8EB4003348B2 /* SignUp.xib */,
				AA5C26AA1BCF9DF6001EB60E /* MainInterface.h */,
				AA5C26AB1BCF9DF6001EB60E /* MainInterface.m */,
				AA5C26AC1BCF9DF6001EB60E /* MainInterface.xib */,
				AA142FFF1BCF71B000A19144 /* Assets.xcassets */,
				AA1430041BCF71B000A19144 /* Info.plist */,
				AA70E3DC1BD4A1C300D53E31 /* Assets */,
				AA142FF31BCF71B000A19144 /* Supporting Files */,
			);
			path = Revolt;
			sourceTree = "<group>";
		};
		AA142FF31BCF71B000A19144 /* Supporting Files */ = {
			isa = PBXGroup;
			children = (
				AA142FF41BCF71B000A19144 /* main.m */,
			);
			name = "Supporting Files";
			sourceTree = "<group>";
		};
		AA14300C1BCF71B000A19144 /* RevoltTests */ = {
			isa = PBXGroup;
			children = (
				AA14300D1BCF71B000A19144 /* RevoltTests.m */,
				AA14300F1BCF71B000A19144 /* Info.plist */,
			);
			path = RevoltTests;
			sourceTree = "<group>";
		};
		AA1430171BCF71B000A19144 /* RevoltUITests */ = {
			isa = PBXGroup;
			children = (
				AA1430181BCF71B000A19144 /* RevoltUITests.m */,
				AA14301A1BCF71B000A19144 /* Info.plist */,
			);
			path = RevoltUITests;
			sourceTree = "<group>";
		};
		AA1430321BCF785900A19144 /* Frameworks */ = {
			isa = PBXGroup;
			children = (
				AA70E3D51BD24D0A00D53E31 /* libsqlite3.0.tbd */,
				AA70E3C11BD240E200D53E31 /* FacebookSDK.framework */,
				AA70E3B81BD23B0300D53E31 /* UIKit.framework */,
				AA70E3B61BD23AF700D53E31 /* SystemConfiguration.framework */,
				AA70E3B41BD23AEB00D53E31 /* Security.framework */,
				AA70E3B21BD23AE300D53E31 /* MobileCoreServices.framework */,
				AA70E3B01BD23ADA00D53E31 /* Foundation.framework */,
				AA70E3AE1BD23ACE00D53E31 /* CoreGraphics.framework */,
				AA70E3AC1BD23AC300D53E31 /* CFNetwork.framework */,
				AA70E3AA1BD23AB500D53E31 /* AudioToolbox.framework */,
				AA70E3A81BD23AAD00D53E31 /* StoreKit.framework */,
				AA70E3A61BD23AA400D53E31 /* CoreLocation.framework */,
				AA70E3A41BD23A9B00D53E31 /* Social.framework */,
				AA70E3A21BD23A9200D53E31 /* AdSupport.framework */,
				AA70E3A01BD23A8A00D53E31 /* Accounts.framework */,
				AA70E39E1BD23A6700D53E31 /* QuartzCore.framework */,
				AA70E36B1BD224CB00D53E31 /* Bolts.framework */,
				AA70E36C1BD224CB00D53E31 /* Parse.framework */,
				AA70E36D1BD224CB00D53E31 /* ParseCrashReporting.framework */,
				AA70E36E1BD224CB00D53E31 /* ParseFacebookUtils.framework */,
				AA70E36F1BD224CB00D53E31 /* ParseFacebookUtilsV4.framework */,
				AA70E3701BD224CC00D53E31 /* ParseTwitterUtils.framework */,
				AA70E3711BD224CC00D53E31 /* ParseUI.framework */,
				AA1430301BCF784B00A19144 /* MediaPlayer.framework */,
				AA14302E1BCF783C00A19144 /* AVFoundation.framework */,
			);
			name = Frameworks;
			sourceTree = "<group>";
		};
		AA70E3DC1BD4A1C300D53E31 /* Assets */ = {
			isa = PBXGroup;
			children = (
				AA14302B1BCF75C800A19144 /* revoltsymbol.png */,
				AA14302D1BCF762300A19144 /* basictitlefont.ttf */,
				AA1430331BCF791800A19144 /* smoke.mov */,
				AA5C26A81BCF9020001EB60E /* bulb.mov */,
			);
			name = Assets;
			sourceTree = "<group>";
		};
/* End PBXGroup section */

/* Begin PBXNativeTarget section */
		AA142FEF1BCF71B000A19144 /* Revolt */ = {
			isa = PBXNativeTarget;
			buildConfigurationList = AA14301D1BCF71B000A19144 /* Build configuration list for PBXNativeTarget "Revolt" */;
			buildPhases = (
				AA142FEC1BCF71B000A19144 /* Sources */,
				AA142FED1BCF71B000A19144 /* Frameworks */,
				AA142FEE1BCF71B000A19144 /* Resources */,
			);
			buildRules = (
			);
			dependencies = (
			);
			name = Revolt;
			productName = Revolt;
			productReference = AA142FF01BCF71B000A19144 /* Revolt.app */;
			productType = "com.apple.product-type.application";
		};
		AA1430081BCF71B000A19144 /* RevoltTests */ = {
			isa = PBXNativeTarget;
			buildConfigurationList = AA1430201BCF71B000A19144 /* Build configuration list for PBXNativeTarget "RevoltTests" */;
			buildPhases = (
				AA1430051BCF71B000A19144 /* Sources */,
				AA1430061BCF71B000A19144 /* Frameworks */,
				AA1430071BCF71B000A19144 /* Resources */,
			);
			buildRules = (
			);
			dependencies = (
				AA14300B1BCF71B000A19144 /* PBXTargetDependency */,
			);
			name = RevoltTests;
			productName = RevoltTests;
			productReference = AA1430091BCF71B000A19144 /* RevoltTests.xctest */;
			productType = "com.apple.product-type.bundle.unit-test";
		};
		AA1430131BCF71B000A19144 /* RevoltUITests */ = {
			isa = PBXNativeTarget;
			buildConfigurationList = AA1430231BCF71B000A19144 /* Build configuration list for PBXNativeTarget "RevoltUITests" */;
			buildPhases = (
				AA1430101BCF71B000A19144 /* Sources */,
				AA1430111BCF71B000A19144 /* Frameworks */,
				AA1430121BCF71B000A19144 /* Resources */,
			);
			buildRules = (
			);
			dependencies = (
				AA1430161BCF71B000A19144 /* PBXTargetDependency */,
			);
			name = RevoltUITests;
			productName = RevoltUITests;
			productReference = AA1430141BCF71B000A19144 /* RevoltUITests.xctest */;
			productType = "com.apple.product-type.bundle.ui-testing";
		};
/* End PBXNativeTarget section */

/* Begin PBXProject section */
		AA142FE81BCF71B000A19144 /* Project object */ = {
			isa = PBXProject;
			attributes = {
				LastUpgradeCheck = 0700;
				ORGANIZATIONNAME = "Furby Studios";
				TargetAttributes = {
					AA142FEF1BCF71B000A19144 = {
						CreatedOnToolsVersion = 7.0.1;
						DevelopmentTeam = 3ZBGCAU8W6;
					};
					AA1430081BCF71B000A19144 = {
						CreatedOnToolsVersion = 7.0.1;
						DevelopmentTeam = 3ZBGCAU8W6;
						TestTargetID = AA142FEF1BCF71B000A19144;
					};
					AA1430131BCF71B000A19144 = {
						CreatedOnToolsVersion = 7.0.1;
						DevelopmentTeam = 3ZBGCAU8W6;
						TestTargetID = AA142FEF1BCF71B000A19144;
					};
				};
			};
			buildConfigurationList = AA142FEB1BCF71B000A19144 /* Build configuration list for PBXProject "Revolt" */;
			compatibilityVersion = "Xcode 3.2";
			developmentRegion = English;
			hasScannedForEncodings = 0;
			knownRegions = (
				en,
				Base,
			);
			mainGroup = AA142FE71BCF71B000A19144;
			productRefGroup = AA142FF11BCF71B000A19144 /* Products */;
			projectDirPath = "";
			projectRoot = "";
			targets = (
				AA142FEF1BCF71B000A19144 /* Revolt */,
				AA1430081BCF71B000A19144 /* RevoltTests */,
				AA1430131BCF71B000A19144 /* RevoltUITests */,
			);
		};
/* End PBXProject section */

/* Begin PBXResourcesBuildPhase section */
		AA142FEE1BCF71B000A19144 /* Resources */ = {
			isa = PBXResourcesBuildPhase;
			buildActionMask = 2147483647;
			files = (
				AA5C26AF1BCFA123001EB60E /* basictitlefont.ttf in Resources */,
				AA1430341BCF791800A19144 /* smoke.mov in Resources */,
				AA14302A1BCF74FD00A19144 /* ViewController.xib in Resources */,
				AACCEA051BCF8EB4003348B2 /* SignUp.xib in Resources */,
				AA5C26A91BCF9020001EB60E /* bulb.mov in Resources */,
				AA5C26AE1BCF9DF6001EB60E /* MainInterface.xib in Resources */,
				AA14302C1BCF75C800A19144 /* revoltsymbol.png in Resources */,
				AA1430001BCF71B000A19144 /* Assets.xcassets in Resources */,
			);
			runOnlyForDeploymentPostprocessing = 0;
		};
		AA1430071BCF71B000A19144 /* Resources */ = {
			isa = PBXResourcesBuildPhase;
			buildActionMask = 2147483647;
			files = (
			);
			runOnlyForDeploymentPostprocessing = 0;
		};
		AA1430121BCF71B000A19144 /* Resources */ = {
			isa = PBXResourcesBuildPhase;
			buildActionMask = 2147483647;
			files = (
			);
			runOnlyForDeploymentPostprocessing = 0;
		};
/* End PBXResourcesBuildPhase section */

/* Begin PBXSourcesBuildPhase section */
		AA142FEC1BCF71B000A19144 /* Sources */ = {
			isa = PBXSourcesBuildPhase;
			buildActionMask = 2147483647;
			files = (
				AA1430291BCF74FD00A19144 /* ViewController.m in Sources */,
				AA5C26AD1BCF9DF6001EB60E /* MainInterface.m in Sources */,
				AACCEA041BCF8EB4003348B2 /* SignUp.m in Sources */,
				AA142FF81BCF71B000A19144 /* AppDelegate.m in Sources */,
				AA142FF51BCF71B000A19144 /* main.m in Sources */,
			);
			runOnlyForDeploymentPostprocessing = 0;
		};
		AA1430051BCF71B000A19144 /* Sources */ = {
			isa = PBXSourcesBuildPhase;
			buildActionMask = 2147483647;
			files = (
				AA14300E1BCF71B000A19144 /* RevoltTests.m in Sources */,
			);
			runOnlyForDeploymentPostprocessing = 0;
		};
		AA1430101BCF71B000A19144 /* Sources */ = {
			isa = PBXSourcesBuildPhase;
			buildActionMask = 2147483647;
			files = (
				AA1430191BCF71B000A19144 /* RevoltUITests.m in Sources */,
			);
			runOnlyForDeploymentPostprocessing = 0;
		};
/* End PBXSourcesBuildPhase section */

/* Begin PBXTargetDependency section */
		AA14300B1BCF71B000A19144 /* PBXTargetDependency */ = {
			isa = PBXTargetDependency;
			target = AA142FEF1BCF71B000A19144 /* Revolt */;
			targetProxy = AA14300A1BCF71B000A19144 /* PBXContainerItemProxy */;
		};
		AA1430161BCF71B000A19144 /* PBXTargetDependency */ = {
			isa = PBXTargetDependency;
			target = AA142FEF1BCF71B000A19144 /* Revolt */;
			targetProxy = AA1430151BCF71B000A19144 /* PBXContainerItemProxy */;
		};
/* End PBXTargetDependency section */

/* Begin XCBuildConfiguration section */
		AA14301B1BCF71B000A19144 /* Debug */ = {
			isa = XCBuildConfiguration;
			buildSettings = {
				ALWAYS_SEARCH_USER_PATHS = NO;
				CLANG_CXX_LANGUAGE_STANDARD = "gnu++0x";
				CLANG_CXX_LIBRARY = "libc++";
				CLANG_ENABLE_MODULES = YES;
				CLANG_ENABLE_OBJC_ARC = YES;
				CLANG_WARN_BOOL_CONVERSION = YES;
				CLANG_WARN_CONSTANT_CONVERSION = YES;
				CLANG_WARN_DIRECT_OBJC_ISA_USAGE = YES_ERROR;
				CLANG_WARN_EMPTY_BODY = YES;
				CLANG_WARN_ENUM_CONVERSION = YES;
				CLANG_WARN_INT_CONVERSION = YES;
				CLANG_WARN_OBJC_ROOT_CLASS = YES_ERROR;
				CLANG_WARN_UNREACHABLE_CODE = YES;
				CLANG_WARN__DUPLICATE_METHOD_MATCH = YES;
				"CODE_SIGN_IDENTITY[sdk=iphoneos*]" = "iPhone Developer";
				COPY_PHASE_STRIP = NO;
				DEBUG_INFORMATION_FORMAT = dwarf;
				ENABLE_STRICT_OBJC_MSGSEND = YES;
				ENABLE_TESTABILITY = YES;
				GCC_C_LANGUAGE_STANDARD = gnu99;
				GCC_DYNAMIC_NO_PIC = NO;
				GCC_NO_COMMON_BLOCKS = YES;
				GCC_OPTIMIZATION_LEVEL = 0;
				GCC_PREPROCESSOR_DEFINITIONS = (
					"DEBUG=1",
					"$(inherited)",
				);
				GCC_WARN_64_TO_32_BIT_CONVERSION = YES;
				GCC_WARN_ABOUT_RETURN_TYPE = YES_ERROR;
				GCC_WARN_UNDECLARED_SELECTOR = YES;
				GCC_WARN_UNINITIALIZED_AUTOS = YES_AGGRESSIVE;
				GCC_WARN_UNUSED_FUNCTION = YES;
				GCC_WARN_UNUSED_VARIABLE = YES;
				IPHONEOS_DEPLOYMENT_TARGET = 9.0;
				MTL_ENABLE_DEBUG_INFO = YES;
				ONLY_ACTIVE_ARCH = YES;
				SDKROOT = iphoneos;
			};
			name = Debug;
		};
		AA14301C1BCF71B000A19144 /* Release */ = {
			isa = XCBuildConfiguration;
			buildSettings = {
				ALWAYS_SEARCH_USER_PATHS = NO;
				CLANG_CXX_LANGUAGE_STANDARD = "gnu++0x";
				CLANG_CXX_LIBRARY = "libc++";
				CLANG_ENABLE_MODULES = YES;
				CLANG_ENABLE_OBJC_ARC = YES;
				CLANG_WARN_BOOL_CONVERSION = YES;
				CLANG_WARN_CONSTANT_CONVERSION = YES;
				CLANG_WARN_DIRECT_OBJC_ISA_USAGE = YES_ERROR;
				CLANG_WARN_EMPTY_BODY = YES;
				CLANG_WARN_ENUM_CONVERSION = YES;
				CLANG_WARN_INT_CONVERSION = YES;
				CLANG_WARN_OBJC_ROOT_CLASS = YES_ERROR;
				CLANG_WARN_UNREACHABLE_CODE = YES;
				CLANG_WARN__DUPLICATE_METHOD_MATCH = YES;
				"CODE_SIGN_IDENTITY[sdk=iphoneos*]" = "iPhone Developer";
				COPY_PHASE_STRIP = NO;
				DEBUG_INFORMATION_FORMAT = "dwarf-with-dsym";
				ENABLE_NS_ASSERTIONS = NO;
				ENABLE_STRICT_OBJC_MSGSEND = YES;
				GCC_C_LANGUAGE_STANDARD = gnu99;
				GCC_NO_COMMON_BLOCKS = YES;
				GCC_WARN_64_TO_32_BIT_CONVERSION = YES;
				GCC_WARN_ABOUT_RETURN_TYPE = YES_ERROR;
				GCC_WARN_UNDECLARED_SELECTOR = YES;
				GCC_WARN_UNINITIALIZED_AUTOS = YES_AGGRESSIVE;
				GCC_WARN_UNUSED_FUNCTION = YES;
				GCC_WARN_UNUSED_VARIABLE = YES;
				IPHONEOS_DEPLOYMENT_TARGET = 9.0;
				MTL_ENABLE_DEBUG_INFO = NO;
				SDKROOT = iphoneos;
				VALIDATE_PRODUCT = YES;
			};
			name = Release;
		};
		AA14301E1BCF71B000A19144 /* Debug */ = {
			isa = XCBuildConfiguration;
			buildSettings = {
				ASSETCATALOG_COMPILER_APPICON_NAME = AppIcon;
				FRAMEWORK_SEARCH_PATHS = (
					"$(SRCROOT)/",
					"$(PROJECT_DIR)",
				);
				GCC_WARN_ABOUT_DEPRECATED_FUNCTIONS = NO;
				INFOPLIST_FILE = Revolt/Info.plist;
				LD_RUNPATH_SEARCH_PATHS = "$(inherited) @executable_path/Frameworks";
				PRODUCT_BUNDLE_IDENTIFIER = furbystudios.com.Revolt;
				PRODUCT_NAME = "$(TARGET_NAME)";
			};
			name = Debug;
		};
		AA14301F1BCF71B000A19144 /* Release */ = {
			isa = XCBuildConfiguration;
			buildSettings = {
				ASSETCATALOG_COMPILER_APPICON_NAME = AppIcon;
				FRAMEWORK_SEARCH_PATHS = (
					"$(SRCROOT)/",
					"$(PROJECT_DIR)",
				);
				GCC_WARN_ABOUT_DEPRECATED_FUNCTIONS = NO;
				INFOPLIST_FILE = Revolt/Info.plist;
				LD_RUNPATH_SEARCH_PATHS = "$(inherited) @executable_path/Frameworks";
				PRODUCT_BUNDLE_IDENTIFIER = furbystudios.com.Revolt;
				PRODUCT_NAME = "$(TARGET_NAME)";
			};
			name = Release;
		};
		AA1430211BCF71B000A19144 /* Debug */ = {
			isa = XCBuildConfiguration;
			buildSettings = {
				BUNDLE_LOADER = "$(TEST_HOST)";
				INFOPLIST_FILE = RevoltTests/Info.plist;
				LD_RUNPATH_SEARCH_PATHS = "$(inherited) @executable_path/Frameworks @loader_path/Frameworks";
				PRODUCT_BUNDLE_IDENTIFIER = furbystudios.com.RevoltTests;
				PRODUCT_NAME = "$(TARGET_NAME)";
				TEST_HOST = "$(BUILT_PRODUCTS_DIR)/Revolt.app/Revolt";
			};
			name = Debug;
		};
		AA1430221BCF71B000A19144 /* Release */ = {
			isa = XCBuildConfiguration;
			buildSettings = {
				BUNDLE_LOADER = "$(TEST_HOST)";
				INFOPLIST_FILE = RevoltTests/Info.plist;
				LD_RUNPATH_SEARCH_PATHS = "$(inherited) @executable_path/Frameworks @loader_path/Frameworks";
				PRODUCT_BUNDLE_IDENTIFIER = furbystudios.com.RevoltTests;
				PRODUCT_NAME = "$(TARGET_NAME)";
				TEST_HOST = "$(BUILT_PRODUCTS_DIR)/Revolt.app/Revolt";
			};
			name = Release;
		};
		AA1430241BCF71B000A19144 /* Debug */ = {
			isa = XCBuildConfiguration;
			buildSettings = {
				INFOPLIST_FILE = RevoltUITests/Info.plist;
				LD_RUNPATH_SEARCH_PATHS = "$(inherited) @executable_path/Frameworks @loader_path/Frameworks";
				PRODUCT_BUNDLE_IDENTIFIER = furbystudios.com.RevoltUITests;
				PRODUCT_NAME = "$(TARGET_NAME)";
				TEST_TARGET_NAME = Revolt;
				USES_XCTRUNNER = YES;
			};
			name = Debug;
		};
		AA1430251BCF71B000A19144 /* Release */ = {
			isa = XCBuildConfiguration;
			buildSettings = {
				INFOPLIST_FILE = RevoltUITests/Info.plist;
				LD_RUNPATH_SEARCH_PATHS = "$(inherited) @executable_path/Frameworks @loader_path/Frameworks";
				PRODUCT_BUNDLE_IDENTIFIER = furbystudios.com.RevoltUITests;
				PRODUCT_NAME = "$(TARGET_NAME)";
				TEST_TARGET_NAME = Revolt;
				USES_XCTRUNNER = YES;
			};
			name = Release;
		};
/* End XCBuildConfiguration section */

/* Begin XCConfigurationList section */
		AA142FEB1BCF71B000A19144 /* Build configuration list for PBXProject "Revolt" */ = {
			isa = XCConfigurationList;
			buildConfigurations = (
				AA14301B1BCF71B000A19144 /* Debug */,
				AA14301C1BCF71B000A19144 /* Release */,
			);
			defaultConfigurationIsVisible = 0;
			defaultConfigurationName = Release;
		};
		AA14301D1BCF71B000A19144 /* Build configuration list for PBXNativeTarget "Revolt" */ = {
			isa = XCConfigurationList;
			buildConfigurations = (
				AA14301E1BCF71B000A19144 /* Debug */,
				AA14301F1BCF71B000A19144 /* Release */,
			);
			defaultConfigurationIsVisible = 0;
			defaultConfigurationName = Release;
		};
		AA1430201BCF71B000A19144 /* Build configuration list for PBXNativeTarget "RevoltTests" */ = {
			isa = XCConfigurationList;
			buildConfigurations = (
				AA1430211BCF71B000A19144 /* Debug */,
				AA1430221BCF71B000A19144 /* Release */,
			);
			defaultConfigurationIsVisible = 0;
			defaultConfigurationName = Release;
		};
		AA1430231BCF71B000A19144 /* Build configuration list for PBXNativeTarget "RevoltUITests" */ = {
			isa = XCConfigurationList;
			buildConfigurations = (
				AA1430241BCF71B000A19144 /* Debug */,
				AA1430251BCF71B000A19144 /* Release */,
			);
			defaultConfigurationIsVisible = 0;
			defaultConfigurationName = Release;
		};
/* End XCConfigurationList section */
	};
	rootObject = AA142FE81BCF71B000A19144 /* Project object */;
}
